
Microsoft Visual Studio Solution File, Format Version 12.00
# Visual Studio 15
VisualStudioVersion = 15.0.27004.2009
MinimumVisualStudioVersion = 10.0.40219.1
Project("{8BC9CEB8-8B4A-11D0-8D11-00A0C91BC942}") = "Project1", "Project1\Project1.vcxproj", "{FA383EA5-40D4-4A4E-AF92-19DAFF23F6F9}"
EndProject
Global
	GlobalSection(SolutionConfigurationPlatforms) = preSolution
		Debug|x64 = Debug|x64
		Debug|x86 = Debug|x86
		Release|x64 = Release|x64
		Release|x86 = Release|x86
	EndGlobalSection
	GlobalSection(ProjectConfigurationPlatforms) = postSolution
		{FA383EA5-40D4-4A4E-AF92-19DAFF23F6F9}.Debug|x64.ActiveCfg = Debug|x64
		{FA383EA5-40D4-4A4E-AF92-19DAFF23F6F9}.Debug|x64.Build.0 = Debug|x64
		{FA383EA5-40D4-4A4E-AF92-19DAFF23F6F9}.Debug|x86.ActiveCfg = Debug|Win32
		{FA383EA5-40D4-4A4E-AF92-19DAFF23F6F9}.Debug|x86.Build.0 = Debug|Win32
		{FA383EA5-40D4-4A4E-AF92-19DAFF23F6F9}.Release|x64.ActiveCfg = Release|x64
		{FA383EA5-40D4-4A4E-AF92-19DAFF23F6F9}.Release|x64.Build.0 = Release|x64
		{FA383EA5-40D4-4A4E-AF92-19DAFF23F6F9}.Release|x86.ActiveCfg = Release|Win32
		{FA383EA5-40D4-4A4E-AF92-19DAFF23F6F9}.Release|x86.Build.0 = Release|Win32
	EndGlobalSection
	GlobalSection(SolutionProperties) = preSolution
		HideSolutionNode = FALSE
	EndGlobalSection
	GlobalSection(ExtensibilityGlobals) = postSolution
		SolutionGuid = {069E2608-FB8C-4B1A-81AD-B19EDE7B537F}
	EndGlobalSection
EndGlobal
